
Microsoft Visual Studio Solution File, Format Version 12.00
# Visual Studio 15
VisualStudioVersion = 15.0.27703.2000
MinimumVisualStudioVersion = 10.0.40219.1
Project("{FAE04EC0-301F-11D3-BF4B-00C04F79EFBC}") = "TimeTracker", "TimeTracker\TimeTracker.csproj", "{0B2B105A-F000-460C-BEBB-FBF449869989}"
EndProject
Project("{54435603-DBB4-11D2-8724-00A0C9A8B90C}") = "TimeTracker_Installer", "TimeTracker_Installer\TimeTracker_Installer.vdproj", "{68BD3C8C-608A-4320-B9D2-2E10478ED6A4}"
EndProject
Global
	GlobalSection(SolutionConfigurationPlatforms) = preSolution
		Debug|Any CPU = Debug|Any CPU
		Release|Any CPU = Release|Any CPU
	EndGlobalSection
	GlobalSection(ProjectConfigurationPlatforms) = postSolution
		{0B2B105A-F000-460C-BEBB-FBF449869989}.Debug|Any CPU.ActiveCfg = Debug|Any CPU
		{0B2B105A-F000-460C-BEBB-FBF449869989}.Debug|Any CPU.Build.0 = Debug|Any CPU
		{0B2B105A-F000-460C-BEBB-FBF449869989}.Release|Any CPU.ActiveCfg = Release|Any CPU
		{0B2B105A-F000-460C-BEBB-FBF449869989}.Release|Any CPU.Build.0 = Release|Any CPU
		{68BD3C8C-608A-4320-B9D2-2E10478ED6A4}.Debug|Any CPU.ActiveCfg = Debug
		{68BD3C8C-608A-4320-B9D2-2E10478ED6A4}.Release|Any CPU.ActiveCfg = Release
	EndGlobalSection
	GlobalSection(SolutionProperties) = preSolution
		HideSolutionNode = FALSE
	EndGlobalSection
	GlobalSection(ExtensibilityGlobals) = postSolution
		SolutionGuid = {83979A78-5994-4D82-A89F-FF771DA9EF25}
	EndGlobalSection
EndGlobal
